<?xml version="1.0" encoding="utf-8"?>
<Project ToolsVersion="4.0" xmlns="http://schemas.microsoft.com/developer/msbuild/2003">
  <ItemGroup>
    <Filter Include="源文件">
      <UniqueIdentifier>{4FC737F1-C7A5-4376-A066-2A32D752A2FF}</UniqueIdentifier>
      <Extensions>cpp;c;cc;cxx;c++;cppm;ixx;def;odl;idl;hpj;bat;asm;asmx</Extensions>
    </Filter>
    <Filter Include="资源文件">
      <UniqueIdentifier>{67DA6AB6-F800-4c08-8B7A-83BB121AAD01}</UniqueIdentifier>
      <Extensions>rc;ico;cur;bmp;dlg;rc2;rct;bin;rgs;gif;jpg;jpeg;jpe;resx;tiff;tif;png;wav;mfcribbon-ms</Extensions>
    </Filter>
    <Filter Include="头文件">
      <UniqueIdentifier>{4b58a58c-d151-488d-bfd5-bd1457bfe1bc}</UniqueIdentifier>
    </Filter>
  </ItemGroup>
  <ItemGroup>
    <ClInclude Include="bullet.h">
      <Filter>头文件</Filter>
    </ClInclude>
    <ClInclude Include="config.h">
      <Filter>头文件</Filter>
    </ClInclude>
    <ClInclude Include="enemy.h">
      <Filter>头文件</Filter>
    </ClInclude>
    <ClInclude Include="enemy_type.h">
      <Filter>头文件</Filter>
    </ClInclude>
    <ClInclude Include="game_map.h">
      <Filter>头文件</Filter>
    </ClInclude>
    <ClInclude Include="game_scene.h">
      <Filter>头文件</Filter>
    </ClInclude>
    <ClInclude Include="guard.h">
      <Filter>头文件</Filter>
    </ClInclude>
    <ClInclude Include="level_data.h">
      <Filter>头文件</Filter>
    </ClInclude>
    <ClInclude Include="menu_scene.h">
      <Filter>头文件</Filter>
    </ClInclude>
    <ClInclude Include="operator.h">
      <Filter>头文件</Filter>
    </ClInclude>
    <ClInclude Include="result_scene.h">
      <Filter>头文件</Filter>
    </ClInclude>
    <ClInclude Include="runner_enemy.h">
      <Filter>头文件</Filter>
    </ClInclude>
    <ClInclude Include="scene.h">
      <Filter>头文件</Filter>
    </ClInclude>
    <ClInclude Include="scene_manager.h">
      <Filter>头文件</Filter>
    </ClInclude>
    <ClInclude Include="sniper.h">
      <Filter>头文件</Filter>
    </ClInclude>
    <ClInclude Include="soldier_enemy.h">
      <Filter>头文件</Filter>
    </ClInclude>
    <ClInclude Include="sprite_animation.h">
      <Filter>头文件</Filter>
    </ClInclude>
    <ClInclude Include="tile.h">
      <Filter>头文件</Filter>
    </ClInclude>
    <ClInclude Include="wave_manager.h">
      <Filter>头文件</Filter>
    </ClInclude>
  </ItemGroup>
  <ItemGroup>
    <ClCompile Include="bullet.cpp">
      <Filter>源文件</Filter>
    </ClCompile>
    <ClCompile Include="enemy.cpp">
      <Filter>源文件</Filter>
    </ClCompile>
    <ClCompile Include="game_map.cpp">
      <Filter>源文件</Filter>
    </ClCompile>
    <ClCompile Include="game_scene.cpp">
      <Filter>源文件</Filter>
    </ClCompile>
    <ClCompile Include="guard.cpp">
      <Filter>源文件</Filter>
    </ClCompile>
    <ClCompile Include="level_data.cpp">
      <Filter>源文件</Filter>
    </ClCompile>
    <ClCompile Include="main.cpp">
      <Filter>源文件</Filter>
    </ClCompile>
    <ClCompile Include="menu_scene.cpp">
      <Filter>源文件</Filter>
    </ClCompile>
    <ClCompile Include="operator.cpp">
      <Filter>源文件</Filter>
    </ClCompile>
    <ClCompile Include="result_scene.cpp">
      <Filter>源文件</Filter>
    </ClCompile>
    <ClCompile Include="runner_enemy.cpp">
      <Filter>源文件</Filter>
    </ClCompile>
    <ClCompile Include="scene_manager.cpp">
      <Filter>源文件</Filter>
    </ClCompile>
    <ClCompile Include="sniper.cpp">
      <Filter>源文件</Filter>
    </ClCompile>
    <ClCompile Include="soldier_enemy.cpp">
      <Filter>源文件</Filter>
    </ClCompile>
    <ClCompile Include="sprite_animation.cpp">
      <Filter>源文件</Filter>
    </ClCompile>
    <ClCompile Include="tile.cpp">
      <Filter>源文件</Filter>
    </ClCompile>
    <ClCompile Include="wave_manager.cpp">
      <Filter>源文件</Filter>
    </ClCompile>
  </ItemGroup>
</Project>